
Microsoft Visual Studio Solution File, Format Version 12.00
# Visual Studio 15
VisualStudioVersion = 15.0.27004.2009
MinimumVisualStudioVersion = 10.0.40219.1
Project("{FAE04EC0-301F-11D3-BF4B-00C04F79EFBC}") = "BingImageDown", "BingImageDown\BingImageDown.csproj", "{FA01F465-773C-4FC5-A4B6-B3DD3AE92C14}"
EndProject
Project("{FAE04EC0-301F-11D3-BF4B-00C04F79EFBC}") = "BingImgForm", "BingImgForm\BingImgForm.csproj", "{8B7A8C78-25A0-483F-A20C-1C9CE70FD38D}"
EndProject
Global
	GlobalSection(SolutionConfigurationPlatforms) = preSolution
		Debug|Any CPU = Debug|Any CPU
		Release|Any CPU = Release|Any CPU
	EndGlobalSection
	GlobalSection(ProjectConfigurationPlatforms) = postSolution
		{FA01F465-773C-4FC5-A4B6-B3DD3AE92C14}.Debug|Any CPU.ActiveCfg = Debug|Any CPU
		{FA01F465-773C-4FC5-A4B6-B3DD3AE92C14}.Debug|Any CPU.Build.0 = Debug|Any CPU
		{FA01F465-773C-4FC5-A4B6-B3DD3AE92C14}.Release|Any CPU.ActiveCfg = Release|Any CPU
		{FA01F465-773C-4FC5-A4B6-B3DD3AE92C14}.Release|Any CPU.Build.0 = Release|Any CPU
		{8B7A8C78-25A0-483F-A20C-1C9CE70FD38D}.Debug|Any CPU.ActiveCfg = Debug|Any CPU
		{8B7A8C78-25A0-483F-A20C-1C9CE70FD38D}.Debug|Any CPU.Build.0 = Debug|Any CPU
		{8B7A8C78-25A0-483F-A20C-1C9CE70FD38D}.Release|Any CPU.ActiveCfg = Release|Any CPU
		{8B7A8C78-25A0-483F-A20C-1C9CE70FD38D}.Release|Any CPU.Build.0 = Release|Any CPU
	EndGlobalSection
	GlobalSection(SolutionProperties) = preSolution
		HideSolutionNode = FALSE
	EndGlobalSection
	GlobalSection(ExtensibilityGlobals) = postSolution
		SolutionGuid = {6C80192A-147C-473B-AA34-79CB12F4B783}
	EndGlobalSection
EndGlobal
